// !$*UTF8*$!
{
	archiveVersion = 1;
	classes = {
	};
	objectVersion = 50;
	objects = {

/* Begin PBXBuildFile section */
		33FFA6A325486EB900C6E416 /* AppDelegate.swift in Sources */ = {isa = PBXBuildFile; fileRef = 33FFA6A225486EB900C6E416 /* AppDelegate.swift */; };
		33FFA6A525486EB900C6E416 /* SceneDelegate.swift in Sources */ = {isa = PBXBuildFile; fileRef = 33FFA6A425486EB900C6E416 /* SceneDelegate.swift */; };
		33FFA6A725486EB900C6E416 /* ViewController.swift in Sources */ = {isa = PBXBuildFile; fileRef = 33FFA6A625486EB900C6E416 /* ViewController.swift */; };
		33FFA6AA25486EB900C6E416 /* Main.storyboard in Resources */ = {isa = PBXBuildFile; fileRef = 33FFA6A825486EB900C6E416 /* Main.storyboard */; };
		33FFA6AC25486EBB00C6E416 /* Assets.xcassets in Resources */ = {isa = PBXBuildFile; fileRef = 33FFA6AB25486EBB00C6E416 /* Assets.xcassets */; };
		33FFA6AF25486EBB00C6E416 /* LaunchScreen.storyboard in Resources */ = {isa = PBXBuildFile; fileRef = 33FFA6AD25486EBB00C6E416 /* LaunchScreen.storyboard */; };
		33FFA6B925486F3800C6E416 /* Restaurant.swift in Sources */ = {isa = PBXBuildFile; fileRef = 33FFA6B825486F3800C6E416 /* Restaurant.swift */; };
		33FFA6BD25486F4700C6E416 /* Library.swift in Sources */ = {isa = PBXBuildFile; fileRef = 33FFA6BC25486F4700C6E416 /* Library.swift */; };
		33FFA6C025486F8F00C6E416 /* Pub.swift in Sources */ = {isa = PBXBuildFile; fileRef = 33FFA6BF25486F8F00C6E416 /* Pub.swift */; };
		33FFA6E42549C63300C6E416 /* RestaurantTableViewController.swift in Sources */ = {isa = PBXBuildFile; fileRef = 33FFA6E32549C63300C6E416 /* RestaurantTableViewController.swift */; };
/* End PBXBuildFile section */

/* Begin PBXFileReference section */
		33FFA69F25486EB900C6E416 /* Restaurants.app */ = {isa = PBXFileReference; explicitFileType = wrapper.application; includeInIndex = 0; path = Restaurants.app; sourceTree = BUILT_PRODUCTS_DIR; };
		33FFA6A225486EB900C6E416 /* AppDelegate.swift */ = {isa = PBXFileReference; lastKnownFileType = sourcecode.swift; path = AppDelegate.swift; sourceTree = "<group>"; };
		33FFA6A425486EB900C6E416 /* SceneDelegate.swift */ = {isa = PBXFileReference; lastKnownFileType = sourcecode.swift; path = SceneDelegate.swift; sourceTree = "<group>"; };
		33FFA6A625486EB900C6E416 /* ViewController.swift */ = {isa = PBXFileReference; lastKnownFileType = sourcecode.swift; path = ViewController.swift; sourceTree = "<group>"; };
		33FFA6A925486EB900C6E416 /* Base */ = {isa = PBXFileReference; lastKnownFileType = file.storyboard; name = Base; path = Base.lproj/Main.storyboard; sourceTree = "<group>"; };
		33FFA6AB25486EBB00C6E416 /* Assets.xcassets */ = {isa = PBXFileReference; lastKnownFileType = folder.assetcatalog; path = Assets.xcassets; sourceTree = "<group>"; };
		33FFA6AE25486EBB00C6E416 /* Base */ = {isa = PBXFileReference; lastKnownFileType = file.storyboard; name = Base; path = Base.lproj/LaunchScreen.storyboard; sourceTree = "<group>"; };
		33FFA6B025486EBB00C6E416 /* Info.plist */ = {isa = PBXFileReference; lastKnownFileType = text.plist.xml; path = Info.plist; sourceTree = "<group>"; };
		33FFA6B825486F3800C6E416 /* Restaurant.swift */ = {isa = PBXFileReference; lastKnownFileType = sourcecode.swift; path = Restaurant.swift; sourceTree = "<group>"; };
		33FFA6BC25486F4700C6E416 /* Library.swift */ = {isa = PBXFileReference; lastKnownFileType = sourcecode.swift; path = Library.swift; sourceTree = "<group>"; };
		33FFA6BF25486F8F00C6E416 /* Pub.swift */ = {isa = PBXFileReference; lastKnownFileType = sourcecode.swift; path = Pub.swift; sourceTree = "<group>"; };
		33FFA6E32549C63300C6E416 /* RestaurantTableViewController.swift */ = {isa = PBXFileReference; lastKnownFileType = sourcecode.swift; path = RestaurantTableViewController.swift; sourceTree = "<group>"; };
/* End PBXFileReference section */

/* Begin PBXFrameworksBuildPhase section */
		33FFA69C25486EB900C6E416 /* Frameworks */ = {
			isa = PBXFrameworksBuildPhase;
			buildActionMask = 2147483647;
			files = (
			);
			runOnlyForDeploymentPostprocessing = 0;
		};
/* End PBXFrameworksBuildPhase section */

/* Begin PBXGroup section */
		33FFA69625486EB900C6E416 = {
			isa = PBXGroup;
			children = (
				33FFA6A125486EB900C6E416 /* Restaurants */,
				33FFA6A025486EB900C6E416 /* Products */,
			);
			sourceTree = "<group>";
		};
		33FFA6A025486EB900C6E416 /* Products */ = {
			isa = PBXGroup;
			children = (
				33FFA69F25486EB900C6E416 /* Restaurants.app */,
			);
			name = Products;
			sourceTree = "<group>";
		};
		33FFA6A125486EB900C6E416 /* Restaurants */ = {
			isa = PBXGroup;
			children = (
				33FFA6B725486EFE00C6E416 /* Models */,
				33FFA6A225486EB900C6E416 /* AppDelegate.swift */,
				33FFA6A425486EB900C6E416 /* SceneDelegate.swift */,
				33FFA6A625486EB900C6E416 /* ViewController.swift */,
				33FFA6E32549C63300C6E416 /* RestaurantTableViewController.swift */,
				33FFA6A825486EB900C6E416 /* Main.storyboard */,
				33FFA6AB25486EBB00C6E416 /* Assets.xcassets */,
				33FFA6AD25486EBB00C6E416 /* LaunchScreen.storyboard */,
				33FFA6B025486EBB00C6E416 /* Info.plist */,
			);
			path = Restaurants;
			sourceTree = "<group>";
		};
		33FFA6B725486EFE00C6E416 /* Models */ = {
			isa = PBXGroup;
			children = (
				33FFA6B825486F3800C6E416 /* Restaurant.swift */,
				33FFA6BC25486F4700C6E416 /* Library.swift */,
				33FFA6BF25486F8F00C6E416 /* Pub.swift */,
			);
			path = Models;
			sourceTree = "<group>";
		};
/* End PBXGroup section */

/* Begin PBXNativeTarget section */
		33FFA69E25486EB900C6E416 /* Restaurants */ = {
			isa = PBXNativeTarget;
			buildConfigurationList = 33FFA6B325486EBB00C6E416 /* Build configuration list for PBXNativeTarget "Restaurants" */;
			buildPhases = (
				33FFA69B25486EB900C6E416 /* Sources */,
				33FFA69C25486EB900C6E416 /* Frameworks */,
				33FFA69D25486EB900C6E416 /* Resources */,
			);
			buildRules = (
			);
			dependencies = (
			);
			name = Restaurants;
			productName = Restaurants;
			productReference = 33FFA69F25486EB900C6E416 /* Restaurants.app */;
			productType = "com.apple.product-type.application";
		};
/* End PBXNativeTarget section */

/* Begin PBXProject section */
		33FFA69725486EB900C6E416 /* Project object */ = {
			isa = PBXProject;
			attributes = {
				LastSwiftUpdateCheck = 1200;
				LastUpgradeCheck = 1200;
				TargetAttributes = {
					33FFA69E25486EB900C6E416 = {
						CreatedOnToolsVersion = 12.0;
					};
				};
			};
			buildConfigurationList = 33FFA69A25486EB900C6E416 /* Build configuration list for PBXProject "Restaurants" */;
			compatibilityVersion = "Xcode 9.3";
			developmentRegion = en;
			hasScannedForEncodings = 0;
			knownRegions = (
				en,
				Base,
			);
			mainGroup = 33FFA69625486EB900C6E416;
			productRefGroup = 33FFA6A025486EB900C6E416 /* Products */;
			projectDirPath = "";
			projectRoot = "";
			targets = (
				33FFA69E25486EB900C6E416 /* Restaurants */,
			);
		};
/* End PBXProject section */

/* Begin PBXResourcesBuildPhase section */
		33FFA69D25486EB900C6E416 /* Resources */ = {
			isa = PBXResourcesBuildPhase;
			buildActionMask = 2147483647;
			files = (
				33FFA6AF25486EBB00C6E416 /* LaunchScreen.storyboard in Resources */,
				33FFA6AC25486EBB00C6E416 /* Assets.xcassets in Resources */,
				33FFA6AA25486EB900C6E416 /* Main.storyboard in Resources */,
			);
			runOnlyForDeploymentPostprocessing = 0;
		};
/* End PBXResourcesBuildPhase section */

/* Begin PBXSourcesBuildPhase section */
		33FFA69B25486EB900C6E416 /* Sources */ = {
			isa = PBXSourcesBuildPhase;
			buildActionMask = 2147483647;
			files = (
				33FFA6B925486F3800C6E416 /* Restaurant.swift in Sources */,
				33FFA6A725486EB900C6E416 /* ViewController.swift in Sources */,
				33FFA6E42549C63300C6E416 /* RestaurantTableViewController.swift in Sources */,
				33FFA6BD25486F4700C6E416 /* Library.swift in Sources */,
				33FFA6C025486F8F00C6E416 /* Pub.swift in Sources */,
				33FFA6A325486EB900C6E416 /* AppDelegate.swift in Sources */,
				33FFA6A525486EB900C6E416 /* SceneDelegate.swift in Sources */,
			);
			runOnlyForDeploymentPostprocessing = 0;
		};
/* End PBXSourcesBuildPhase section */

/* Begin PBXVariantGroup section */
		33FFA6A825486EB900C6E416 /* Main.storyboard */ = {
			isa = PBXVariantGroup;
			children = (
				33FFA6A925486EB900C6E416 /* Base */,
			);
			name = Main.storyboard;
			sourceTree = "<group>";
		};
		33FFA6AD25486EBB00C6E416 /* LaunchScreen.storyboard */ = {
			isa = PBXVariantGroup;
			children = (
				33FFA6AE25486EBB00C6E416 /* Base */,
			);
			name = LaunchScreen.storyboard;
			sourceTree = "<group>";
		};
/* End PBXVariantGroup section */

/* Begin XCBuildConfiguration section */
		33FFA6B125486EBB00C6E416 /* Debug */ = {
			isa = XCBuildConfiguration;
			buildSettings = {
				ALWAYS_SEARCH_USER_PATHS = NO;
				CLANG_ANALYZER_NONNULL = YES;
				CLANG_ANALYZER_NUMBER_OBJECT_CONVERSION = YES_AGGRESSIVE;
				CLANG_CXX_LANGUAGE_STANDARD = "gnu++14";
				CLANG_CXX_LIBRARY = "libc++";
				CLANG_ENABLE_MODULES = YES;
				CLANG_ENABLE_OBJC_ARC = YES;
				CLANG_ENABLE_OBJC_WEAK = YES;
				CLANG_WARN_BLOCK_CAPTURE_AUTORELEASING = YES;
				CLANG_WARN_BOOL_CONVERSION = YES;
				CLANG_WARN_COMMA = YES;
				CLANG_WARN_CONSTANT_CONVERSION = YES;
				CLANG_WARN_DEPRECATED_OBJC_IMPLEMENTATIONS = YES;
				CLANG_WARN_DIRECT_OBJC_ISA_USAGE = YES_ERROR;
				CLANG_WARN_DOCUMENTATION_COMMENTS = YES;
				CLANG_WARN_EMPTY_BODY = YES;
				CLANG_WARN_ENUM_CONVERSION = YES;
				CLANG_WARN_INFINITE_RECURSION = YES;
				CLANG_WARN_INT_CONVERSION = YES;
				CLANG_WARN_NON_LITERAL_NULL_CONVERSION = YES;
				CLANG_WARN_OBJC_IMPLICIT_RETAIN_SELF = YES;
				CLANG_WARN_OBJC_LITERAL_CONVERSION = YES;
				CLANG_WARN_OBJC_ROOT_CLASS = YES_ERROR;
				CLANG_WARN_QUOTED_INCLUDE_IN_FRAMEWORK_HEADER = YES;
				CLANG_WARN_RANGE_LOOP_ANALYSIS = YES;
				CLANG_WARN_STRICT_PROTOTYPES = YES;
				CLANG_WARN_SUSPICIOUS_MOVE = YES;
				CLANG_WARN_UNGUARDED_AVAILABILITY = YES_AGGRESSIVE;
				CLANG_WARN_UNREACHABLE_CODE = YES;
				CLANG_WARN__DUPLICATE_METHOD_MATCH = YES;
				COPY_PHASE_STRIP = NO;
				DEBUG_INFORMATION_FORMAT = dwarf;
				ENABLE_STRICT_OBJC_MSGSEND = YES;
				ENABLE_TESTABILITY = YES;
				GCC_C_LANGUAGE_STANDARD = gnu11;
				GCC_DYNAMIC_NO_PIC = NO;
				GCC_NO_COMMON_BLOCKS = YES;
				GCC_OPTIMIZATION_LEVEL = 0;
				GCC_PREPROCESSOR_DEFINITIONS = (
					"DEBUG=1",
					"$(inherited)",
				);
				GCC_WARN_64_TO_32_BIT_CONVERSION = YES;
				GCC_WARN_ABOUT_RETURN_TYPE = YES_ERROR;
				GCC_WARN_UNDECLARED_SELECTOR = YES;
				GCC_WARN_UNINITIALIZED_AUTOS = YES_AGGRESSIVE;
				GCC_WARN_UNUSED_FUNCTION = YES;
				GCC_WARN_UNUSED_VARIABLE = YES;
				IPHONEOS_DEPLOYMENT_TARGET = 14.0;
				MTL_ENABLE_DEBUG_INFO = INCLUDE_SOURCE;
				MTL_FAST_MATH = YES;
				ONLY_ACTIVE_ARCH = YES;
				SDKROOT = iphoneos;
				SWIFT_ACTIVE_COMPILATION_CONDITIONS = DEBUG;
				SWIFT_OPTIMIZATION_LEVEL = "-Onone";
			};
			name = Debug;
		};
		33FFA6B225486EBB00C6E416 /* Release */ = {
			isa = XCBuildConfiguration;
			buildSettings = {
				ALWAYS_SEARCH_USER_PATHS = NO;
				CLANG_ANALYZER_NONNULL = YES;
				CLANG_ANALYZER_NUMBER_OBJECT_CONVERSION = YES_AGGRESSIVE;
				CLANG_CXX_LANGUAGE_STANDARD = "gnu++14";
				CLANG_CXX_LIBRARY = "libc++";
				CLANG_ENABLE_MODULES = YES;
				CLANG_ENABLE_OBJC_ARC = YES;
				CLANG_ENABLE_OBJC_WEAK = YES;
				CLANG_WARN_BLOCK_CAPTURE_AUTORELEASING = YES;
				CLANG_WARN_BOOL_CONVERSION = YES;
				CLANG_WARN_COMMA = YES;
				CLANG_WARN_CONSTANT_CONVERSION = YES;
				CLANG_WARN_DEPRECATED_OBJC_IMPLEMENTATIONS = YES;
				CLANG_WARN_DIRECT_OBJC_ISA_USAGE = YES_ERROR;
				CLANG_WARN_DOCUMENTATION_COMMENTS = YES;
				CLANG_WARN_EMPTY_BODY = YES;
				CLANG_WARN_ENUM_CONVERSION = YES;
				CLANG_WARN_INFINITE_RECURSION = YES;
				CLANG_WARN_INT_CONVERSION = YES;
				CLANG_WARN_NON_LITERAL_NULL_CONVERSION = YES;
				CLANG_WARN_OBJC_IMPLICIT_RETAIN_SELF = YES;
				CLANG_WARN_OBJC_LITERAL_CONVERSION = YES;
				CLANG_WARN_OBJC_ROOT_CLASS = YES_ERROR;
				CLANG_WARN_QUOTED_INCLUDE_IN_FRAMEWORK_HEADER = YES;
				CLANG_WARN_RANGE_LOOP_ANALYSIS = YES;
				CLANG_WARN_STRICT_PROTOTYPES = YES;
				CLANG_WARN_SUSPICIOUS_MOVE = YES;
				CLANG_WARN_UNGUARDED_AVAILABILITY = YES_AGGRESSIVE;
				CLANG_WARN_UNREACHABLE_CODE = YES;
				CLANG_WARN__DUPLICATE_METHOD_MATCH = YES;
				COPY_PHASE_STRIP = NO;
				DEBUG_INFORMATION_FORMAT = "dwarf-with-dsym";
				ENABLE_NS_ASSERTIONS = NO;
				ENABLE_STRICT_OBJC_MSGSEND = YES;
				GCC_C_LANGUAGE_STANDARD = gnu11;
				GCC_NO_COMMON_BLOCKS = YES;
				GCC_WARN_64_TO_32_BIT_CONVERSION = YES;
				GCC_WARN_ABOUT_RETURN_TYPE = YES_ERROR;
				GCC_WARN_UNDECLARED_SELECTOR = YES;
				GCC_WARN_UNINITIALIZED_AUTOS = YES_AGGRESSIVE;
				GCC_WARN_UNUSED_FUNCTION = YES;
				GCC_WARN_UNUSED_VARIABLE = YES;
				IPHONEOS_DEPLOYMENT_TARGET = 14.0;
				MTL_ENABLE_DEBUG_INFO = NO;
				MTL_FAST_MATH = YES;
				SDKROOT = iphoneos;
				SWIFT_COMPILATION_MODE = wholemodule;
				SWIFT_OPTIMIZATION_LEVEL = "-O";
				VALIDATE_PRODUCT = YES;
			};
			name = Release;
		};
		33FFA6B425486EBB00C6E416 /* Debug */ = {
			isa = XCBuildConfiguration;
			buildSettings = {
				ASSETCATALOG_COMPILER_APPICON_NAME = AppIcon;
				ASSETCATALOG_COMPILER_GLOBAL_ACCENT_COLOR_NAME = AccentColor;
				CODE_SIGN_STYLE = Automatic;
				DEVELOPMENT_TEAM = A7SGM6JEMA;
				INFOPLIST_FILE = Restaurants/Info.plist;
				LD_RUNPATH_SEARCH_PATHS = (
					"$(inherited)",
					"@executable_path/Frameworks",
				);
				PRODUCT_BUNDLE_IDENTIFIER = com.humancoders.october.Restaurants;
				PRODUCT_NAME = "$(TARGET_NAME)";
				SWIFT_VERSION = 5.0;
				TARGETED_DEVICE_FAMILY = "1,2";
			};
			name = Debug;
		};
		33FFA6B525486EBB00C6E416 /* Release */ = {
			isa = XCBuildConfiguration;
			buildSettings = {
				ASSETCATALOG_COMPILER_APPICON_NAME = AppIcon;
				ASSETCATALOG_COMPILER_GLOBAL_ACCENT_COLOR_NAME = AccentColor;
				CODE_SIGN_STYLE = Automatic;
				DEVELOPMENT_TEAM = A7SGM6JEMA;
				INFOPLIST_FILE = Restaurants/Info.plist;
				LD_RUNPATH_SEARCH_PATHS = (
					"$(inherited)",
					"@executable_path/Frameworks",
				);
				PRODUCT_BUNDLE_IDENTIFIER = com.humancoders.october.Restaurants;
				PRODUCT_NAME = "$(TARGET_NAME)";
				SWIFT_VERSION = 5.0;
				TARGETED_DEVICE_FAMILY = "1,2";
			};
			name = Release;
		};
/* End XCBuildConfiguration section */

/* Begin XCConfigurationList section */
		33FFA69A25486EB900C6E416 /* Build configuration list for PBXProject "Restaurants" */ = {
			isa = XCConfigurationList;
			buildConfigurations = (
				33FFA6B125486EBB00C6E416 /* Debug */,
				33FFA6B225486EBB00C6E416 /* Release */,
			);
			defaultConfigurationIsVisible = 0;
			defaultConfigurationName = Release;
		};
		33FFA6B325486EBB00C6E416 /* Build configuration list for PBXNativeTarget "Restaurants" */ = {
			isa = XCConfigurationList;
			buildConfigurations = (
				33FFA6B425486EBB00C6E416 /* Debug */,
				33FFA6B525486EBB00C6E416 /* Release */,
			);
			defaultConfigurationIsVisible = 0;
			defaultConfigurationName = Release;
		};
/* End XCConfigurationList section */
	};
	rootObject = 33FFA69725486EB900C6E416 /* Project object */;
}
