// !$*UTF8*$!
{
	archiveVersion = 1;
	classes = {
	};
	objectVersion = 50;
	objects = {

/* Begin PBXBuildFile section */
		33F8091F254C53F7007289E2 /* CoreDataSwiftUIDemoApp.swift in Sources */ = {isa = PBXBuildFile; fileRef = 33F8091E254C53F7007289E2 /* CoreDataSwiftUIDemoApp.swift */; };
		33F80921254C53F7007289E2 /* ContentView.swift in Sources */ = {isa = PBXBuildFile; fileRef = 33F80920254C53F7007289E2 /* ContentView.swift */; };
		33F80923254C53FA007289E2 /* Assets.xcassets in Resources */ = {isa = PBXBuildFile; fileRef = 33F80922254C53FA007289E2 /* Assets.xcassets */; };
		33F80926254C53FA007289E2 /* Preview Assets.xcassets in Resources */ = {isa = PBXBuildFile; fileRef = 33F80925254C53FA007289E2 /* Preview Assets.xcassets */; };
		33F80928254C53FA007289E2 /* Persistence.swift in Sources */ = {isa = PBXBuildFile; fileRef = 33F80927254C53FA007289E2 /* Persistence.swift */; };
		33F8092B254C53FA007289E2 /* CoreDataSwiftUIDemo.xcdatamodeld in Sources */ = {isa = PBXBuildFile; fileRef = 33F80929254C53FA007289E2 /* CoreDataSwiftUIDemo.xcdatamodeld */; };
		33F80934254C592C007289E2 /* BooksList.swift in Sources */ = {isa = PBXBuildFile; fileRef = 33F80933254C592C007289E2 /* BooksList.swift */; };
/* End PBXBuildFile section */

/* Begin PBXFileReference section */
		33F8091B254C53F7007289E2 /* CoreDataSwiftUIDemo.app */ = {isa = PBXFileReference; explicitFileType = wrapper.application; includeInIndex = 0; path = CoreDataSwiftUIDemo.app; sourceTree = BUILT_PRODUCTS_DIR; };
		33F8091E254C53F7007289E2 /* CoreDataSwiftUIDemoApp.swift */ = {isa = PBXFileReference; lastKnownFileType = sourcecode.swift; path = CoreDataSwiftUIDemoApp.swift; sourceTree = "<group>"; };
		33F80920254C53F7007289E2 /* ContentView.swift */ = {isa = PBXFileReference; lastKnownFileType = sourcecode.swift; path = ContentView.swift; sourceTree = "<group>"; };
		33F80922254C53FA007289E2 /* Assets.xcassets */ = {isa = PBXFileReference; lastKnownFileType = folder.assetcatalog; path = Assets.xcassets; sourceTree = "<group>"; };
		33F80925254C53FA007289E2 /* Preview Assets.xcassets */ = {isa = PBXFileReference; lastKnownFileType = folder.assetcatalog; path = "Preview Assets.xcassets"; sourceTree = "<group>"; };
		33F80927254C53FA007289E2 /* Persistence.swift */ = {isa = PBXFileReference; lastKnownFileType = sourcecode.swift; path = Persistence.swift; sourceTree = "<group>"; };
		33F8092A254C53FA007289E2 /* CoreDataSwiftUIDemo.xcdatamodel */ = {isa = PBXFileReference; lastKnownFileType = wrapper.xcdatamodel; path = CoreDataSwiftUIDemo.xcdatamodel; sourceTree = "<group>"; };
		33F8092C254C53FA007289E2 /* Info.plist */ = {isa = PBXFileReference; lastKnownFileType = text.plist.xml; path = Info.plist; sourceTree = "<group>"; };
		33F80933254C592C007289E2 /* BooksList.swift */ = {isa = PBXFileReference; lastKnownFileType = sourcecode.swift; path = BooksList.swift; sourceTree = "<group>"; };
/* End PBXFileReference section */

/* Begin PBXFrameworksBuildPhase section */
		33F80918254C53F7007289E2 /* Frameworks */ = {
			isa = PBXFrameworksBuildPhase;
			buildActionMask = 2147483647;
			files = (
			);
			runOnlyForDeploymentPostprocessing = 0;
		};
/* End PBXFrameworksBuildPhase section */

/* Begin PBXGroup section */
		33F80912254C53F7007289E2 = {
			isa = PBXGroup;
			children = (
				33F8091D254C53F7007289E2 /* CoreDataSwiftUIDemo */,
				33F8091C254C53F7007289E2 /* Products */,
			);
			sourceTree = "<group>";
		};
		33F8091C254C53F7007289E2 /* Products */ = {
			isa = PBXGroup;
			children = (
				33F8091B254C53F7007289E2 /* CoreDataSwiftUIDemo.app */,
			);
			name = Products;
			sourceTree = "<group>";
		};
		33F8091D254C53F7007289E2 /* CoreDataSwiftUIDemo */ = {
			isa = PBXGroup;
			children = (
				33F8091E254C53F7007289E2 /* CoreDataSwiftUIDemoApp.swift */,
				33F80920254C53F7007289E2 /* ContentView.swift */,
				33F80933254C592C007289E2 /* BooksList.swift */,
				33F80922254C53FA007289E2 /* Assets.xcassets */,
				33F80927254C53FA007289E2 /* Persistence.swift */,
				33F8092C254C53FA007289E2 /* Info.plist */,
				33F80929254C53FA007289E2 /* CoreDataSwiftUIDemo.xcdatamodeld */,
				33F80924254C53FA007289E2 /* Preview Content */,
			);
			path = CoreDataSwiftUIDemo;
			sourceTree = "<group>";
		};
		33F80924254C53FA007289E2 /* Preview Content */ = {
			isa = PBXGroup;
			children = (
				33F80925254C53FA007289E2 /* Preview Assets.xcassets */,
			);
			path = "Preview Content";
			sourceTree = "<group>";
		};
/* End PBXGroup section */

/* Begin PBXNativeTarget section */
		33F8091A254C53F7007289E2 /* CoreDataSwiftUIDemo */ = {
			isa = PBXNativeTarget;
			buildConfigurationList = 33F8092F254C53FA007289E2 /* Build configuration list for PBXNativeTarget "CoreDataSwiftUIDemo" */;
			buildPhases = (
				33F80917254C53F7007289E2 /* Sources */,
				33F80918254C53F7007289E2 /* Frameworks */,
				33F80919254C53F7007289E2 /* Resources */,
			);
			buildRules = (
			);
			dependencies = (
			);
			name = CoreDataSwiftUIDemo;
			productName = CoreDataSwiftUIDemo;
			productReference = 33F8091B254C53F7007289E2 /* CoreDataSwiftUIDemo.app */;
			productType = "com.apple.product-type.application";
		};
/* End PBXNativeTarget section */

/* Begin PBXProject section */
		33F80913254C53F7007289E2 /* Project object */ = {
			isa = PBXProject;
			attributes = {
				LastSwiftUpdateCheck = 1200;
				LastUpgradeCheck = 1200;
				TargetAttributes = {
					33F8091A254C53F7007289E2 = {
						CreatedOnToolsVersion = 12.0;
					};
				};
			};
			buildConfigurationList = 33F80916254C53F7007289E2 /* Build configuration list for PBXProject "CoreDataSwiftUIDemo" */;
			compatibilityVersion = "Xcode 9.3";
			developmentRegion = en;
			hasScannedForEncodings = 0;
			knownRegions = (
				en,
				Base,
			);
			mainGroup = 33F80912254C53F7007289E2;
			productRefGroup = 33F8091C254C53F7007289E2 /* Products */;
			projectDirPath = "";
			projectRoot = "";
			targets = (
				33F8091A254C53F7007289E2 /* CoreDataSwiftUIDemo */,
			);
		};
/* End PBXProject section */

/* Begin PBXResourcesBuildPhase section */
		33F80919254C53F7007289E2 /* Resources */ = {
			isa = PBXResourcesBuildPhase;
			buildActionMask = 2147483647;
			files = (
				33F80926254C53FA007289E2 /* Preview Assets.xcassets in Resources */,
				33F80923254C53FA007289E2 /* Assets.xcassets in Resources */,
			);
			runOnlyForDeploymentPostprocessing = 0;
		};
/* End PBXResourcesBuildPhase section */

/* Begin PBXSourcesBuildPhase section */
		33F80917254C53F7007289E2 /* Sources */ = {
			isa = PBXSourcesBuildPhase;
			buildActionMask = 2147483647;
			files = (
				33F80934254C592C007289E2 /* BooksList.swift in Sources */,
				33F80928254C53FA007289E2 /* Persistence.swift in Sources */,
				33F80921254C53F7007289E2 /* ContentView.swift in Sources */,
				33F8092B254C53FA007289E2 /* CoreDataSwiftUIDemo.xcdatamodeld in Sources */,
				33F8091F254C53F7007289E2 /* CoreDataSwiftUIDemoApp.swift in Sources */,
			);
			runOnlyForDeploymentPostprocessing = 0;
		};
/* End PBXSourcesBuildPhase section */

/* Begin XCBuildConfiguration section */
		33F8092D254C53FA007289E2 /* Debug */ = {
			isa = XCBuildConfiguration;
			buildSettings = {
				ALWAYS_SEARCH_USER_PATHS = NO;
				CLANG_ANALYZER_NONNULL = YES;
				CLANG_ANALYZER_NUMBER_OBJECT_CONVERSION = YES_AGGRESSIVE;
				CLANG_CXX_LANGUAGE_STANDARD = "gnu++14";
				CLANG_CXX_LIBRARY = "libc++";
				CLANG_ENABLE_MODULES = YES;
				CLANG_ENABLE_OBJC_ARC = YES;
				CLANG_ENABLE_OBJC_WEAK = YES;
				CLANG_WARN_BLOCK_CAPTURE_AUTORELEASING = YES;
				CLANG_WARN_BOOL_CONVERSION = YES;
				CLANG_WARN_COMMA = YES;
				CLANG_WARN_CONSTANT_CONVERSION = YES;
				CLANG_WARN_DEPRECATED_OBJC_IMPLEMENTATIONS = YES;
				CLANG_WARN_DIRECT_OBJC_ISA_USAGE = YES_ERROR;
				CLANG_WARN_DOCUMENTATION_COMMENTS = YES;
				CLANG_WARN_EMPTY_BODY = YES;
				CLANG_WARN_ENUM_CONVERSION = YES;
				CLANG_WARN_INFINITE_RECURSION = YES;
				CLANG_WARN_INT_CONVERSION = YES;
				CLANG_WARN_NON_LITERAL_NULL_CONVERSION = YES;
				CLANG_WARN_OBJC_IMPLICIT_RETAIN_SELF = YES;
				CLANG_WARN_OBJC_LITERAL_CONVERSION = YES;
				CLANG_WARN_OBJC_ROOT_CLASS = YES_ERROR;
				CLANG_WARN_QUOTED_INCLUDE_IN_FRAMEWORK_HEADER = YES;
				CLANG_WARN_RANGE_LOOP_ANALYSIS = YES;
				CLANG_WARN_STRICT_PROTOTYPES = YES;
				CLANG_WARN_SUSPICIOUS_MOVE = YES;
				CLANG_WARN_UNGUARDED_AVAILABILITY = YES_AGGRESSIVE;
				CLANG_WARN_UNREACHABLE_CODE = YES;
				CLANG_WARN__DUPLICATE_METHOD_MATCH = YES;
				COPY_PHASE_STRIP = NO;
				DEBUG_INFORMATION_FORMAT = dwarf;
				ENABLE_STRICT_OBJC_MSGSEND = YES;
				ENABLE_TESTABILITY = YES;
				GCC_C_LANGUAGE_STANDARD = gnu11;
				GCC_DYNAMIC_NO_PIC = NO;
				GCC_NO_COMMON_BLOCKS = YES;
				GCC_OPTIMIZATION_LEVEL = 0;
				GCC_PREPROCESSOR_DEFINITIONS = (
					"DEBUG=1",
					"$(inherited)",
				);
				GCC_WARN_64_TO_32_BIT_CONVERSION = YES;
				GCC_WARN_ABOUT_RETURN_TYPE = YES_ERROR;
				GCC_WARN_UNDECLARED_SELECTOR = YES;
				GCC_WARN_UNINITIALIZED_AUTOS = YES_AGGRESSIVE;
				GCC_WARN_UNUSED_FUNCTION = YES;
				GCC_WARN_UNUSED_VARIABLE = YES;
				IPHONEOS_DEPLOYMENT_TARGET = 14.0;
				MTL_ENABLE_DEBUG_INFO = INCLUDE_SOURCE;
				MTL_FAST_MATH = YES;
				ONLY_ACTIVE_ARCH = YES;
				SDKROOT = iphoneos;
				SWIFT_ACTIVE_COMPILATION_CONDITIONS = DEBUG;
				SWIFT_OPTIMIZATION_LEVEL = "-Onone";
			};
			name = Debug;
		};
		33F8092E254C53FA007289E2 /* Release */ = {
			isa = XCBuildConfiguration;
			buildSettings = {
				ALWAYS_SEARCH_USER_PATHS = NO;
				CLANG_ANALYZER_NONNULL = YES;
				CLANG_ANALYZER_NUMBER_OBJECT_CONVERSION = YES_AGGRESSIVE;
				CLANG_CXX_LANGUAGE_STANDARD = "gnu++14";
				CLANG_CXX_LIBRARY = "libc++";
				CLANG_ENABLE_MODULES = YES;
				CLANG_ENABLE_OBJC_ARC = YES;
				CLANG_ENABLE_OBJC_WEAK = YES;
				CLANG_WARN_BLOCK_CAPTURE_AUTORELEASING = YES;
				CLANG_WARN_BOOL_CONVERSION = YES;
				CLANG_WARN_COMMA = YES;
				CLANG_WARN_CONSTANT_CONVERSION = YES;
				CLANG_WARN_DEPRECATED_OBJC_IMPLEMENTATIONS = YES;
				CLANG_WARN_DIRECT_OBJC_ISA_USAGE = YES_ERROR;
				CLANG_WARN_DOCUMENTATION_COMMENTS = YES;
				CLANG_WARN_EMPTY_BODY = YES;
				CLANG_WARN_ENUM_CONVERSION = YES;
				CLANG_WARN_INFINITE_RECURSION = YES;
				CLANG_WARN_INT_CONVERSION = YES;
				CLANG_WARN_NON_LITERAL_NULL_CONVERSION = YES;
				CLANG_WARN_OBJC_IMPLICIT_RETAIN_SELF = YES;
				CLANG_WARN_OBJC_LITERAL_CONVERSION = YES;
				CLANG_WARN_OBJC_ROOT_CLASS = YES_ERROR;
				CLANG_WARN_QUOTED_INCLUDE_IN_FRAMEWORK_HEADER = YES;
				CLANG_WARN_RANGE_LOOP_ANALYSIS = YES;
				CLANG_WARN_STRICT_PROTOTYPES = YES;
				CLANG_WARN_SUSPICIOUS_MOVE = YES;
				CLANG_WARN_UNGUARDED_AVAILABILITY = YES_AGGRESSIVE;
				CLANG_WARN_UNREACHABLE_CODE = YES;
				CLANG_WARN__DUPLICATE_METHOD_MATCH = YES;
				COPY_PHASE_STRIP = NO;
				DEBUG_INFORMATION_FORMAT = "dwarf-with-dsym";
				ENABLE_NS_ASSERTIONS = NO;
				ENABLE_STRICT_OBJC_MSGSEND = YES;
				GCC_C_LANGUAGE_STANDARD = gnu11;
				GCC_NO_COMMON_BLOCKS = YES;
				GCC_WARN_64_TO_32_BIT_CONVERSION = YES;
				GCC_WARN_ABOUT_RETURN_TYPE = YES_ERROR;
				GCC_WARN_UNDECLARED_SELECTOR = YES;
				GCC_WARN_UNINITIALIZED_AUTOS = YES_AGGRESSIVE;
				GCC_WARN_UNUSED_FUNCTION = YES;
				GCC_WARN_UNUSED_VARIABLE = YES;
				IPHONEOS_DEPLOYMENT_TARGET = 14.0;
				MTL_ENABLE_DEBUG_INFO = NO;
				MTL_FAST_MATH = YES;
				SDKROOT = iphoneos;
				SWIFT_COMPILATION_MODE = wholemodule;
				SWIFT_OPTIMIZATION_LEVEL = "-O";
				VALIDATE_PRODUCT = YES;
			};
			name = Release;
		};
		33F80930254C53FA007289E2 /* Debug */ = {
			isa = XCBuildConfiguration;
			buildSettings = {
				ASSETCATALOG_COMPILER_APPICON_NAME = AppIcon;
				ASSETCATALOG_COMPILER_GLOBAL_ACCENT_COLOR_NAME = AccentColor;
				CODE_SIGN_STYLE = Automatic;
				DEVELOPMENT_ASSET_PATHS = "\"CoreDataSwiftUIDemo/Preview Content\"";
				DEVELOPMENT_TEAM = A7SGM6JEMA;
				ENABLE_PREVIEWS = YES;
				INFOPLIST_FILE = CoreDataSwiftUIDemo/Info.plist;
				IPHONEOS_DEPLOYMENT_TARGET = 14.0;
				LD_RUNPATH_SEARCH_PATHS = (
					"$(inherited)",
					"@executable_path/Frameworks",
				);
				PRODUCT_BUNDLE_IDENTIFIER = com.humancoders.october.CoreDataSwiftUIDemo;
				PRODUCT_NAME = "$(TARGET_NAME)";
				SWIFT_VERSION = 5.0;
				TARGETED_DEVICE_FAMILY = "1,2";
			};
			name = Debug;
		};
		33F80931254C53FA007289E2 /* Release */ = {
			isa = XCBuildConfiguration;
			buildSettings = {
				ASSETCATALOG_COMPILER_APPICON_NAME = AppIcon;
				ASSETCATALOG_COMPILER_GLOBAL_ACCENT_COLOR_NAME = AccentColor;
				CODE_SIGN_STYLE = Automatic;
				DEVELOPMENT_ASSET_PATHS = "\"CoreDataSwiftUIDemo/Preview Content\"";
				DEVELOPMENT_TEAM = A7SGM6JEMA;
				ENABLE_PREVIEWS = YES;
				INFOPLIST_FILE = CoreDataSwiftUIDemo/Info.plist;
				IPHONEOS_DEPLOYMENT_TARGET = 14.0;
				LD_RUNPATH_SEARCH_PATHS = (
					"$(inherited)",
					"@executable_path/Frameworks",
				);
				PRODUCT_BUNDLE_IDENTIFIER = com.humancoders.october.CoreDataSwiftUIDemo;
				PRODUCT_NAME = "$(TARGET_NAME)";
				SWIFT_VERSION = 5.0;
				TARGETED_DEVICE_FAMILY = "1,2";
			};
			name = Release;
		};
/* End XCBuildConfiguration section */

/* Begin XCConfigurationList section */
		33F80916254C53F7007289E2 /* Build configuration list for PBXProject "CoreDataSwiftUIDemo" */ = {
			isa = XCConfigurationList;
			buildConfigurations = (
				33F8092D254C53FA007289E2 /* Debug */,
				33F8092E254C53FA007289E2 /* Release */,
			);
			defaultConfigurationIsVisible = 0;
			defaultConfigurationName = Release;
		};
		33F8092F254C53FA007289E2 /* Build configuration list for PBXNativeTarget "CoreDataSwiftUIDemo" */ = {
			isa = XCConfigurationList;
			buildConfigurations = (
				33F80930254C53FA007289E2 /* Debug */,
				33F80931254C53FA007289E2 /* Release */,
			);
			defaultConfigurationIsVisible = 0;
			defaultConfigurationName = Release;
		};
/* End XCConfigurationList section */

/* Begin XCVersionGroup section */
		33F80929254C53FA007289E2 /* CoreDataSwiftUIDemo.xcdatamodeld */ = {
			isa = XCVersionGroup;
			children = (
				33F8092A254C53FA007289E2 /* CoreDataSwiftUIDemo.xcdatamodel */,
			);
			currentVersion = 33F8092A254C53FA007289E2 /* CoreDataSwiftUIDemo.xcdatamodel */;
			path = CoreDataSwiftUIDemo.xcdatamodeld;
			sourceTree = "<group>";
			versionGroupType = wrapper.xcdatamodel;
		};
/* End XCVersionGroup section */
	};
	rootObject = 33F80913254C53F7007289E2 /* Project object */;
}
