// !$*UTF8*$!
{
	archiveVersion = 1;
	classes = {
	};
	objectVersion = 50;
	objects = {

/* Begin PBXBuildFile section */
		33F808EF254AFAA1007289E2 /* RestaurantSwiftUIApp.swift in Sources */ = {isa = PBXBuildFile; fileRef = 33F808EE254AFAA1007289E2 /* RestaurantSwiftUIApp.swift */; };
		33F808F1254AFAA1007289E2 /* ContentView.swift in Sources */ = {isa = PBXBuildFile; fileRef = 33F808F0254AFAA1007289E2 /* ContentView.swift */; };
		33F808F3254AFAA3007289E2 /* Assets.xcassets in Resources */ = {isa = PBXBuildFile; fileRef = 33F808F2254AFAA3007289E2 /* Assets.xcassets */; };
		33F808F6254AFAA3007289E2 /* Preview Assets.xcassets in Resources */ = {isa = PBXBuildFile; fileRef = 33F808F5254AFAA3007289E2 /* Preview Assets.xcassets */; };
		33F808FF254B00E9007289E2 /* Restaurant.swift in Sources */ = {isa = PBXBuildFile; fileRef = 33F808FE254B00E9007289E2 /* Restaurant.swift */; };
		33F80902254B00EF007289E2 /* Library.swift in Sources */ = {isa = PBXBuildFile; fileRef = 33F80901254B00EF007289E2 /* Library.swift */; };
		33F80907254B14BC007289E2 /* RestaurantList.swift in Sources */ = {isa = PBXBuildFile; fileRef = 33F80906254B14BC007289E2 /* RestaurantList.swift */; };
		33F8090B254B1B56007289E2 /* RestaurantDetails.swift in Sources */ = {isa = PBXBuildFile; fileRef = 33F8090A254B1B56007289E2 /* RestaurantDetails.swift */; };
/* End PBXBuildFile section */

/* Begin PBXFileReference section */
		33F808EB254AFAA1007289E2 /* RestaurantSwiftUI.app */ = {isa = PBXFileReference; explicitFileType = wrapper.application; includeInIndex = 0; path = RestaurantSwiftUI.app; sourceTree = BUILT_PRODUCTS_DIR; };
		33F808EE254AFAA1007289E2 /* RestaurantSwiftUIApp.swift */ = {isa = PBXFileReference; lastKnownFileType = sourcecode.swift; path = RestaurantSwiftUIApp.swift; sourceTree = "<group>"; };
		33F808F0254AFAA1007289E2 /* ContentView.swift */ = {isa = PBXFileReference; lastKnownFileType = sourcecode.swift; path = ContentView.swift; sourceTree = "<group>"; };
		33F808F2254AFAA3007289E2 /* Assets.xcassets */ = {isa = PBXFileReference; lastKnownFileType = folder.assetcatalog; path = Assets.xcassets; sourceTree = "<group>"; };
		33F808F5254AFAA3007289E2 /* Preview Assets.xcassets */ = {isa = PBXFileReference; lastKnownFileType = folder.assetcatalog; path = "Preview Assets.xcassets"; sourceTree = "<group>"; };
		33F808F7254AFAA3007289E2 /* Info.plist */ = {isa = PBXFileReference; lastKnownFileType = text.plist.xml; path = Info.plist; sourceTree = "<group>"; };
		33F808FE254B00E9007289E2 /* Restaurant.swift */ = {isa = PBXFileReference; fileEncoding = 4; lastKnownFileType = sourcecode.swift; path = Restaurant.swift; sourceTree = "<group>"; };
		33F80901254B00EF007289E2 /* Library.swift */ = {isa = PBXFileReference; fileEncoding = 4; lastKnownFileType = sourcecode.swift; path = Library.swift; sourceTree = "<group>"; };
		33F80906254B14BC007289E2 /* RestaurantList.swift */ = {isa = PBXFileReference; lastKnownFileType = sourcecode.swift; path = RestaurantList.swift; sourceTree = "<group>"; };
		33F8090A254B1B56007289E2 /* RestaurantDetails.swift */ = {isa = PBXFileReference; lastKnownFileType = sourcecode.swift; path = RestaurantDetails.swift; sourceTree = "<group>"; };
/* End PBXFileReference section */

/* Begin PBXFrameworksBuildPhase section */
		33F808E8254AFAA1007289E2 /* Frameworks */ = {
			isa = PBXFrameworksBuildPhase;
			buildActionMask = 2147483647;
			files = (
			);
			runOnlyForDeploymentPostprocessing = 0;
		};
/* End PBXFrameworksBuildPhase section */

/* Begin PBXGroup section */
		33F808E2254AFAA1007289E2 = {
			isa = PBXGroup;
			children = (
				33F808ED254AFAA1007289E2 /* RestaurantSwiftUI */,
				33F808EC254AFAA1007289E2 /* Products */,
			);
			sourceTree = "<group>";
		};
		33F808EC254AFAA1007289E2 /* Products */ = {
			isa = PBXGroup;
			children = (
				33F808EB254AFAA1007289E2 /* RestaurantSwiftUI.app */,
			);
			name = Products;
			sourceTree = "<group>";
		};
		33F808ED254AFAA1007289E2 /* RestaurantSwiftUI */ = {
			isa = PBXGroup;
			children = (
				33F808EE254AFAA1007289E2 /* RestaurantSwiftUIApp.swift */,
				33F808F0254AFAA1007289E2 /* ContentView.swift */,
				33F80906254B14BC007289E2 /* RestaurantList.swift */,
				33F8090A254B1B56007289E2 /* RestaurantDetails.swift */,
				33F80904254B00F4007289E2 /* Model */,
				33F808F2254AFAA3007289E2 /* Assets.xcassets */,
				33F808F7254AFAA3007289E2 /* Info.plist */,
				33F808F4254AFAA3007289E2 /* Preview Content */,
			);
			path = RestaurantSwiftUI;
			sourceTree = "<group>";
		};
		33F808F4254AFAA3007289E2 /* Preview Content */ = {
			isa = PBXGroup;
			children = (
				33F808F5254AFAA3007289E2 /* Preview Assets.xcassets */,
			);
			path = "Preview Content";
			sourceTree = "<group>";
		};
		33F80904254B00F4007289E2 /* Model */ = {
			isa = PBXGroup;
			children = (
				33F808FE254B00E9007289E2 /* Restaurant.swift */,
				33F80901254B00EF007289E2 /* Library.swift */,
			);
			path = Model;
			sourceTree = "<group>";
		};
/* End PBXGroup section */

/* Begin PBXNativeTarget section */
		33F808EA254AFAA1007289E2 /* RestaurantSwiftUI */ = {
			isa = PBXNativeTarget;
			buildConfigurationList = 33F808FA254AFAA3007289E2 /* Build configuration list for PBXNativeTarget "RestaurantSwiftUI" */;
			buildPhases = (
				33F808E7254AFAA1007289E2 /* Sources */,
				33F808E8254AFAA1007289E2 /* Frameworks */,
				33F808E9254AFAA1007289E2 /* Resources */,
			);
			buildRules = (
			);
			dependencies = (
			);
			name = RestaurantSwiftUI;
			productName = RestaurantSwiftUI;
			productReference = 33F808EB254AFAA1007289E2 /* RestaurantSwiftUI.app */;
			productType = "com.apple.product-type.application";
		};
/* End PBXNativeTarget section */

/* Begin PBXProject section */
		33F808E3254AFAA1007289E2 /* Project object */ = {
			isa = PBXProject;
			attributes = {
				LastSwiftUpdateCheck = 1200;
				LastUpgradeCheck = 1200;
				TargetAttributes = {
					33F808EA254AFAA1007289E2 = {
						CreatedOnToolsVersion = 12.0;
					};
				};
			};
			buildConfigurationList = 33F808E6254AFAA1007289E2 /* Build configuration list for PBXProject "RestaurantSwiftUI" */;
			compatibilityVersion = "Xcode 9.3";
			developmentRegion = en;
			hasScannedForEncodings = 0;
			knownRegions = (
				en,
				Base,
			);
			mainGroup = 33F808E2254AFAA1007289E2;
			productRefGroup = 33F808EC254AFAA1007289E2 /* Products */;
			projectDirPath = "";
			projectRoot = "";
			targets = (
				33F808EA254AFAA1007289E2 /* RestaurantSwiftUI */,
			);
		};
/* End PBXProject section */

/* Begin PBXResourcesBuildPhase section */
		33F808E9254AFAA1007289E2 /* Resources */ = {
			isa = PBXResourcesBuildPhase;
			buildActionMask = 2147483647;
			files = (
				33F808F6254AFAA3007289E2 /* Preview Assets.xcassets in Resources */,
				33F808F3254AFAA3007289E2 /* Assets.xcassets in Resources */,
			);
			runOnlyForDeploymentPostprocessing = 0;
		};
/* End PBXResourcesBuildPhase section */

/* Begin PBXSourcesBuildPhase section */
		33F808E7254AFAA1007289E2 /* Sources */ = {
			isa = PBXSourcesBuildPhase;
			buildActionMask = 2147483647;
			files = (
				33F80907254B14BC007289E2 /* RestaurantList.swift in Sources */,
				33F808F1254AFAA1007289E2 /* ContentView.swift in Sources */,
				33F80902254B00EF007289E2 /* Library.swift in Sources */,
				33F808EF254AFAA1007289E2 /* RestaurantSwiftUIApp.swift in Sources */,
				33F808FF254B00E9007289E2 /* Restaurant.swift in Sources */,
				33F8090B254B1B56007289E2 /* RestaurantDetails.swift in Sources */,
			);
			runOnlyForDeploymentPostprocessing = 0;
		};
/* End PBXSourcesBuildPhase section */

/* Begin XCBuildConfiguration section */
		33F808F8254AFAA3007289E2 /* Debug */ = {
			isa = XCBuildConfiguration;
			buildSettings = {
				ALWAYS_SEARCH_USER_PATHS = NO;
				CLANG_ANALYZER_NONNULL = YES;
				CLANG_ANALYZER_NUMBER_OBJECT_CONVERSION = YES_AGGRESSIVE;
				CLANG_CXX_LANGUAGE_STANDARD = "gnu++14";
				CLANG_CXX_LIBRARY = "libc++";
				CLANG_ENABLE_MODULES = YES;
				CLANG_ENABLE_OBJC_ARC = YES;
				CLANG_ENABLE_OBJC_WEAK = YES;
				CLANG_WARN_BLOCK_CAPTURE_AUTORELEASING = YES;
				CLANG_WARN_BOOL_CONVERSION = YES;
				CLANG_WARN_COMMA = YES;
				CLANG_WARN_CONSTANT_CONVERSION = YES;
				CLANG_WARN_DEPRECATED_OBJC_IMPLEMENTATIONS = YES;
				CLANG_WARN_DIRECT_OBJC_ISA_USAGE = YES_ERROR;
				CLANG_WARN_DOCUMENTATION_COMMENTS = YES;
				CLANG_WARN_EMPTY_BODY = YES;
				CLANG_WARN_ENUM_CONVERSION = YES;
				CLANG_WARN_INFINITE_RECURSION = YES;
				CLANG_WARN_INT_CONVERSION = YES;
				CLANG_WARN_NON_LITERAL_NULL_CONVERSION = YES;
				CLANG_WARN_OBJC_IMPLICIT_RETAIN_SELF = YES;
				CLANG_WARN_OBJC_LITERAL_CONVERSION = YES;
				CLANG_WARN_OBJC_ROOT_CLASS = YES_ERROR;
				CLANG_WARN_QUOTED_INCLUDE_IN_FRAMEWORK_HEADER = YES;
				CLANG_WARN_RANGE_LOOP_ANALYSIS = YES;
				CLANG_WARN_STRICT_PROTOTYPES = YES;
				CLANG_WARN_SUSPICIOUS_MOVE = YES;
				CLANG_WARN_UNGUARDED_AVAILABILITY = YES_AGGRESSIVE;
				CLANG_WARN_UNREACHABLE_CODE = YES;
				CLANG_WARN__DUPLICATE_METHOD_MATCH = YES;
				COPY_PHASE_STRIP = NO;
				DEBUG_INFORMATION_FORMAT = dwarf;
				ENABLE_STRICT_OBJC_MSGSEND = YES;
				ENABLE_TESTABILITY = YES;
				GCC_C_LANGUAGE_STANDARD = gnu11;
				GCC_DYNAMIC_NO_PIC = NO;
				GCC_NO_COMMON_BLOCKS = YES;
				GCC_OPTIMIZATION_LEVEL = 0;
				GCC_PREPROCESSOR_DEFINITIONS = (
					"DEBUG=1",
					"$(inherited)",
				);
				GCC_WARN_64_TO_32_BIT_CONVERSION = YES;
				GCC_WARN_ABOUT_RETURN_TYPE = YES_ERROR;
				GCC_WARN_UNDECLARED_SELECTOR = YES;
				GCC_WARN_UNINITIALIZED_AUTOS = YES_AGGRESSIVE;
				GCC_WARN_UNUSED_FUNCTION = YES;
				GCC_WARN_UNUSED_VARIABLE = YES;
				IPHONEOS_DEPLOYMENT_TARGET = 14.0;
				MTL_ENABLE_DEBUG_INFO = INCLUDE_SOURCE;
				MTL_FAST_MATH = YES;
				ONLY_ACTIVE_ARCH = YES;
				SDKROOT = iphoneos;
				SWIFT_ACTIVE_COMPILATION_CONDITIONS = DEBUG;
				SWIFT_OPTIMIZATION_LEVEL = "-Onone";
			};
			name = Debug;
		};
		33F808F9254AFAA3007289E2 /* Release */ = {
			isa = XCBuildConfiguration;
			buildSettings = {
				ALWAYS_SEARCH_USER_PATHS = NO;
				CLANG_ANALYZER_NONNULL = YES;
				CLANG_ANALYZER_NUMBER_OBJECT_CONVERSION = YES_AGGRESSIVE;
				CLANG_CXX_LANGUAGE_STANDARD = "gnu++14";
				CLANG_CXX_LIBRARY = "libc++";
				CLANG_ENABLE_MODULES = YES;
				CLANG_ENABLE_OBJC_ARC = YES;
				CLANG_ENABLE_OBJC_WEAK = YES;
				CLANG_WARN_BLOCK_CAPTURE_AUTORELEASING = YES;
				CLANG_WARN_BOOL_CONVERSION = YES;
				CLANG_WARN_COMMA = YES;
				CLANG_WARN_CONSTANT_CONVERSION = YES;
				CLANG_WARN_DEPRECATED_OBJC_IMPLEMENTATIONS = YES;
				CLANG_WARN_DIRECT_OBJC_ISA_USAGE = YES_ERROR;
				CLANG_WARN_DOCUMENTATION_COMMENTS = YES;
				CLANG_WARN_EMPTY_BODY = YES;
				CLANG_WARN_ENUM_CONVERSION = YES;
				CLANG_WARN_INFINITE_RECURSION = YES;
				CLANG_WARN_INT_CONVERSION = YES;
				CLANG_WARN_NON_LITERAL_NULL_CONVERSION = YES;
				CLANG_WARN_OBJC_IMPLICIT_RETAIN_SELF = YES;
				CLANG_WARN_OBJC_LITERAL_CONVERSION = YES;
				CLANG_WARN_OBJC_ROOT_CLASS = YES_ERROR;
				CLANG_WARN_QUOTED_INCLUDE_IN_FRAMEWORK_HEADER = YES;
				CLANG_WARN_RANGE_LOOP_ANALYSIS = YES;
				CLANG_WARN_STRICT_PROTOTYPES = YES;
				CLANG_WARN_SUSPICIOUS_MOVE = YES;
				CLANG_WARN_UNGUARDED_AVAILABILITY = YES_AGGRESSIVE;
				CLANG_WARN_UNREACHABLE_CODE = YES;
				CLANG_WARN__DUPLICATE_METHOD_MATCH = YES;
				COPY_PHASE_STRIP = NO;
				DEBUG_INFORMATION_FORMAT = "dwarf-with-dsym";
				ENABLE_NS_ASSERTIONS = NO;
				ENABLE_STRICT_OBJC_MSGSEND = YES;
				GCC_C_LANGUAGE_STANDARD = gnu11;
				GCC_NO_COMMON_BLOCKS = YES;
				GCC_WARN_64_TO_32_BIT_CONVERSION = YES;
				GCC_WARN_ABOUT_RETURN_TYPE = YES_ERROR;
				GCC_WARN_UNDECLARED_SELECTOR = YES;
				GCC_WARN_UNINITIALIZED_AUTOS = YES_AGGRESSIVE;
				GCC_WARN_UNUSED_FUNCTION = YES;
				GCC_WARN_UNUSED_VARIABLE = YES;
				IPHONEOS_DEPLOYMENT_TARGET = 14.0;
				MTL_ENABLE_DEBUG_INFO = NO;
				MTL_FAST_MATH = YES;
				SDKROOT = iphoneos;
				SWIFT_COMPILATION_MODE = wholemodule;
				SWIFT_OPTIMIZATION_LEVEL = "-O";
				VALIDATE_PRODUCT = YES;
			};
			name = Release;
		};
		33F808FB254AFAA3007289E2 /* Debug */ = {
			isa = XCBuildConfiguration;
			buildSettings = {
				ASSETCATALOG_COMPILER_APPICON_NAME = AppIcon;
				ASSETCATALOG_COMPILER_GLOBAL_ACCENT_COLOR_NAME = AccentColor;
				CODE_SIGN_STYLE = Automatic;
				DEVELOPMENT_ASSET_PATHS = "\"RestaurantSwiftUI/Preview Content\"";
				DEVELOPMENT_TEAM = A7SGM6JEMA;
				ENABLE_PREVIEWS = YES;
				INFOPLIST_FILE = RestaurantSwiftUI/Info.plist;
				IPHONEOS_DEPLOYMENT_TARGET = 14.0;
				LD_RUNPATH_SEARCH_PATHS = (
					"$(inherited)",
					"@executable_path/Frameworks",
				);
				PRODUCT_BUNDLE_IDENTIFIER = com.humancoders.october.RestaurantSwiftUI;
				PRODUCT_NAME = "$(TARGET_NAME)";
				SWIFT_VERSION = 5.0;
				TARGETED_DEVICE_FAMILY = "1,2";
			};
			name = Debug;
		};
		33F808FC254AFAA3007289E2 /* Release */ = {
			isa = XCBuildConfiguration;
			buildSettings = {
				ASSETCATALOG_COMPILER_APPICON_NAME = AppIcon;
				ASSETCATALOG_COMPILER_GLOBAL_ACCENT_COLOR_NAME = AccentColor;
				CODE_SIGN_STYLE = Automatic;
				DEVELOPMENT_ASSET_PATHS = "\"RestaurantSwiftUI/Preview Content\"";
				DEVELOPMENT_TEAM = A7SGM6JEMA;
				ENABLE_PREVIEWS = YES;
				INFOPLIST_FILE = RestaurantSwiftUI/Info.plist;
				IPHONEOS_DEPLOYMENT_TARGET = 14.0;
				LD_RUNPATH_SEARCH_PATHS = (
					"$(inherited)",
					"@executable_path/Frameworks",
				);
				PRODUCT_BUNDLE_IDENTIFIER = com.humancoders.october.RestaurantSwiftUI;
				PRODUCT_NAME = "$(TARGET_NAME)";
				SWIFT_VERSION = 5.0;
				TARGETED_DEVICE_FAMILY = "1,2";
			};
			name = Release;
		};
/* End XCBuildConfiguration section */

/* Begin XCConfigurationList section */
		33F808E6254AFAA1007289E2 /* Build configuration list for PBXProject "RestaurantSwiftUI" */ = {
			isa = XCConfigurationList;
			buildConfigurations = (
				33F808F8254AFAA3007289E2 /* Debug */,
				33F808F9254AFAA3007289E2 /* Release */,
			);
			defaultConfigurationIsVisible = 0;
			defaultConfigurationName = Release;
		};
		33F808FA254AFAA3007289E2 /* Build configuration list for PBXNativeTarget "RestaurantSwiftUI" */ = {
			isa = XCConfigurationList;
			buildConfigurations = (
				33F808FB254AFAA3007289E2 /* Debug */,
				33F808FC254AFAA3007289E2 /* Release */,
			);
			defaultConfigurationIsVisible = 0;
			defaultConfigurationName = Release;
		};
/* End XCConfigurationList section */
	};
	rootObject = 33F808E3254AFAA1007289E2 /* Project object */;
}
